
Microsoft Visual Studio Solution File, Format Version 12.00
# Visual Studio 15
Project("{FAE04EC0-301F-11D3-BF4B-00C04F79EFBC}") = "Assembly-CSharp", "Assembly-CSharp.csproj", "{EB66BEA9-E894-372C-1A64-CAE8935C00A8}"
EndProject
Project("{FAE04EC0-301F-11D3-BF4B-00C04F79EFBC}") = "Assembly-CSharp-firstpass", "Assembly-CSharp-firstpass.csproj", "{085F765A-0660-2748-258D-080B086592C9}"
EndProject
Project("{FAE04EC0-301F-11D3-BF4B-00C04F79EFBC}") = "Assembly-CSharp-Editor", "Assembly-CSharp-Editor.csproj", "{8D0316B7-43E6-36F4-82CC-489C8287F819}"
EndProject
Global
	GlobalSection(SolutionConfigurationPlatforms) = preSolution
		Debug|Any CPU = Debug|Any CPU
		Release|Any CPU = Release|Any CPU
	EndGlobalSection
	GlobalSection(ProjectConfigurationPlatforms) = postSolution
		{EB66BEA9-E894-372C-1A64-CAE8935C00A8}.Debug|Any CPU.ActiveCfg = Debug|Any CPU
		{EB66BEA9-E894-372C-1A64-CAE8935C00A8}.Debug|Any CPU.Build.0 = Debug|Any CPU
		{EB66BEA9-E894-372C-1A64-CAE8935C00A8}.Release|Any CPU.ActiveCfg = Release|Any CPU
		{EB66BEA9-E894-372C-1A64-CAE8935C00A8}.Release|Any CPU.Build.0 = Release|Any CPU
		{085F765A-0660-2748-258D-080B086592C9}.Debug|Any CPU.ActiveCfg = Debug|Any CPU
		{085F765A-0660-2748-258D-080B086592C9}.Debug|Any CPU.Build.0 = Debug|Any CPU
		{085F765A-0660-2748-258D-080B086592C9}.Release|Any CPU.ActiveCfg = Release|Any CPU
		{085F765A-0660-2748-258D-080B086592C9}.Release|Any CPU.Build.0 = Release|Any CPU
		{8D0316B7-43E6-36F4-82CC-489C8287F819}.Debug|Any CPU.ActiveCfg = Debug|Any CPU
		{8D0316B7-43E6-36F4-82CC-489C8287F819}.Debug|Any CPU.Build.0 = Debug|Any CPU
		{8D0316B7-43E6-36F4-82CC-489C8287F819}.Release|Any CPU.ActiveCfg = Release|Any CPU
		{8D0316B7-43E6-36F4-82CC-489C8287F819}.Release|Any CPU.Build.0 = Release|Any CPU
	EndGlobalSection
	GlobalSection(SolutionProperties) = preSolution
		HideSolutionNode = FALSE
	EndGlobalSection
EndGlobal
